// !$*UTF8*$!
{
	archiveVersion = 1;
	classes = {
	};
	objectVersion = 56;
	objects = {

/* Begin PBXBuildFile section */
		14F0CC4F2AE01E2A00742E74 /* AppDelegate.swift in Sources */ = {isa = PBXBuildFile; fileRef = 14F0CC4E2AE01E2A00742E74 /* AppDelegate.swift */; };
		14F0CC512AE01E2A00742E74 /* SceneDelegate.swift in Sources */ = {isa = PBXBuildFile; fileRef = 14F0CC502AE01E2A00742E74 /* SceneDelegate.swift */; };
		14F0CC532AE01E2A00742E74 /* ViewController.swift in Sources */ = {isa = PBXBuildFile; fileRef = 14F0CC522AE01E2A00742E74 /* ViewController.swift */; };
		14F0CC562AE01E2A00742E74 /* Main.storyboard in Resources */ = {isa = PBXBuildFile; fileRef = 14F0CC542AE01E2A00742E74 /* Main.storyboard */; };
		14F0CC592AE01E2A00742E74 /* TableViewNotes.xcdatamodeld in Sources */ = {isa = PBXBuildFile; fileRef = 14F0CC572AE01E2A00742E74 /* TableViewNotes.xcdatamodeld */; };
		14F0CC5B2AE01E2A00742E74 /* Assets.xcassets in Resources */ = {isa = PBXBuildFile; fileRef = 14F0CC5A2AE01E2A00742E74 /* Assets.xcassets */; };
		14F0CC5E2AE01E2A00742E74 /* LaunchScreen.storyboard in Resources */ = {isa = PBXBuildFile; fileRef = 14F0CC5C2AE01E2A00742E74 /* LaunchScreen.storyboard */; };
		14F0CC692AE01E2B00742E74 /* TableViewNotesTests.swift in Sources */ = {isa = PBXBuildFile; fileRef = 14F0CC682AE01E2B00742E74 /* TableViewNotesTests.swift */; };
		14F0CC732AE01E2B00742E74 /* TableViewNotesUITests.swift in Sources */ = {isa = PBXBuildFile; fileRef = 14F0CC722AE01E2B00742E74 /* TableViewNotesUITests.swift */; };
		14F0CC752AE01E2B00742E74 /* TableViewNotesUITestsLaunchTests.swift in Sources */ = {isa = PBXBuildFile; fileRef = 14F0CC742AE01E2B00742E74 /* TableViewNotesUITestsLaunchTests.swift */; };
/* End PBXBuildFile section */

/* Begin PBXContainerItemProxy section */
		14F0CC652AE01E2B00742E74 /* PBXContainerItemProxy */ = {
			isa = PBXContainerItemProxy;
			containerPortal = 14F0CC432AE01E2A00742E74 /* Project object */;
			proxyType = 1;
			remoteGlobalIDString = 14F0CC4A2AE01E2A00742E74;
			remoteInfo = TableViewNotes;
		};
		14F0CC6F2AE01E2B00742E74 /* PBXContainerItemProxy */ = {
			isa = PBXContainerItemProxy;
			containerPortal = 14F0CC432AE01E2A00742E74 /* Project object */;
			proxyType = 1;
			remoteGlobalIDString = 14F0CC4A2AE01E2A00742E74;
			remoteInfo = TableViewNotes;
		};
/* End PBXContainerItemProxy section */

/* Begin PBXFileReference section */
		14F0CC4B2AE01E2A00742E74 /* TableViewNotes.app */ = {isa = PBXFileReference; explicitFileType = wrapper.application; includeInIndex = 0; path = TableViewNotes.app; sourceTree = BUILT_PRODUCTS_DIR; };
		14F0CC4E2AE01E2A00742E74 /* AppDelegate.swift */ = {isa = PBXFileReference; lastKnownFileType = sourcecode.swift; path = AppDelegate.swift; sourceTree = "<group>"; };
		14F0CC502AE01E2A00742E74 /* SceneDelegate.swift */ = {isa = PBXFileReference; lastKnownFileType = sourcecode.swift; path = SceneDelegate.swift; sourceTree = "<group>"; };
		14F0CC522AE01E2A00742E74 /* ViewController.swift */ = {isa = PBXFileReference; lastKnownFileType = sourcecode.swift; path = ViewController.swift; sourceTree = "<group>"; };
		14F0CC552AE01E2A00742E74 /* Base */ = {isa = PBXFileReference; lastKnownFileType = file.storyboard; name = Base; path = Base.lproj/Main.storyboard; sourceTree = "<group>"; };
		14F0CC582AE01E2A00742E74 /* TableViewNotes.xcdatamodel */ = {isa = PBXFileReference; lastKnownFileType = wrapper.xcdatamodel; path = TableViewNotes.xcdatamodel; sourceTree = "<group>"; };
		14F0CC5A2AE01E2A00742E74 /* Assets.xcassets */ = {isa = PBXFileReference; lastKnownFileType = folder.assetcatalog; path = Assets.xcassets; sourceTree = "<group>"; };
		14F0CC5D2AE01E2A00742E74 /* Base */ = {isa = PBXFileReference; lastKnownFileType = file.storyboard; name = Base; path = Base.lproj/LaunchScreen.storyboard; sourceTree = "<group>"; };
		14F0CC5F2AE01E2A00742E74 /* Info.plist */ = {isa = PBXFileReference; lastKnownFileType = text.plist.xml; path = Info.plist; sourceTree = "<group>"; };
		14F0CC642AE01E2B00742E74 /* TableViewNotesTests.xctest */ = {isa = PBXFileReference; explicitFileType = wrapper.cfbundle; includeInIndex = 0; path = TableViewNotesTests.xctest; sourceTree = BUILT_PRODUCTS_DIR; };
		14F0CC682AE01E2B00742E74 /* TableViewNotesTests.swift */ = {isa = PBXFileReference; lastKnownFileType = sourcecode.swift; path = TableViewNotesTests.swift; sourceTree = "<group>"; };
		14F0CC6E2AE01E2B00742E74 /* TableViewNotesUITests.xctest */ = {isa = PBXFileReference; explicitFileType = wrapper.cfbundle; includeInIndex = 0; path = TableViewNotesUITests.xctest; sourceTree = BUILT_PRODUCTS_DIR; };
		14F0CC722AE01E2B00742E74 /* TableViewNotesUITests.swift */ = {isa = PBXFileReference; lastKnownFileType = sourcecode.swift; path = TableViewNotesUITests.swift; sourceTree = "<group>"; };
		14F0CC742AE01E2B00742E74 /* TableViewNotesUITestsLaunchTests.swift */ = {isa = PBXFileReference; lastKnownFileType = sourcecode.swift; path = TableViewNotesUITestsLaunchTests.swift; sourceTree = "<group>"; };
/* End PBXFileReference section */

/* Begin PBXFrameworksBuildPhase section */
		14F0CC482AE01E2A00742E74 /* Frameworks */ = {
			isa = PBXFrameworksBuildPhase;
			buildActionMask = 2147483647;
			files = (
			);
			runOnlyForDeploymentPostprocessing = 0;
		};
		14F0CC612AE01E2B00742E74 /* Frameworks */ = {
			isa = PBXFrameworksBuildPhase;
			buildActionMask = 2147483647;
			files = (
			);
			runOnlyForDeploymentPostprocessing = 0;
		};
		14F0CC6B2AE01E2B00742E74 /* Frameworks */ = {
			isa = PBXFrameworksBuildPhase;
			buildActionMask = 2147483647;
			files = (
			);
			runOnlyForDeploymentPostprocessing = 0;
		};
/* End PBXFrameworksBuildPhase section */

/* Begin PBXGroup section */
		14F0CC422AE01E2A00742E74 = {
			isa = PBXGroup;
			children = (
				14F0CC4D2AE01E2A00742E74 /* TableViewNotes */,
				14F0CC672AE01E2B00742E74 /* TableViewNotesTests */,
				14F0CC712AE01E2B00742E74 /* TableViewNotesUITests */,
				14F0CC4C2AE01E2A00742E74 /* Products */,
			);
			sourceTree = "<group>";
		};
		14F0CC4C2AE01E2A00742E74 /* Products */ = {
			isa = PBXGroup;
			children = (
				14F0CC4B2AE01E2A00742E74 /* TableViewNotes.app */,
				14F0CC642AE01E2B00742E74 /* TableViewNotesTests.xctest */,
				14F0CC6E2AE01E2B00742E74 /* TableViewNotesUITests.xctest */,
			);
			name = Products;
			sourceTree = "<group>";
		};
		14F0CC4D2AE01E2A00742E74 /* TableViewNotes */ = {
			isa = PBXGroup;
			children = (
				14F0CC4E2AE01E2A00742E74 /* AppDelegate.swift */,
				14F0CC502AE01E2A00742E74 /* SceneDelegate.swift */,
				14F0CC522AE01E2A00742E74 /* ViewController.swift */,
				14F0CC542AE01E2A00742E74 /* Main.storyboard */,
				14F0CC5A2AE01E2A00742E74 /* Assets.xcassets */,
				14F0CC5C2AE01E2A00742E74 /* LaunchScreen.storyboard */,
				14F0CC5F2AE01E2A00742E74 /* Info.plist */,
				14F0CC572AE01E2A00742E74 /* TableViewNotes.xcdatamodeld */,
			);
			path = TableViewNotes;
			sourceTree = "<group>";
		};
		14F0CC672AE01E2B00742E74 /* TableViewNotesTests */ = {
			isa = PBXGroup;
			children = (
				14F0CC682AE01E2B00742E74 /* TableViewNotesTests.swift */,
			);
			path = TableViewNotesTests;
			sourceTree = "<group>";
		};
		14F0CC712AE01E2B00742E74 /* TableViewNotesUITests */ = {
			isa = PBXGroup;
			children = (
				14F0CC722AE01E2B00742E74 /* TableViewNotesUITests.swift */,
				14F0CC742AE01E2B00742E74 /* TableViewNotesUITestsLaunchTests.swift */,
			);
			path = TableViewNotesUITests;
			sourceTree = "<group>";
		};
/* End PBXGroup section */

/* Begin PBXNativeTarget section */
		14F0CC4A2AE01E2A00742E74 /* TableViewNotes */ = {
			isa = PBXNativeTarget;
			buildConfigurationList = 14F0CC782AE01E2B00742E74 /* Build configuration list for PBXNativeTarget "TableViewNotes" */;
			buildPhases = (
				14F0CC472AE01E2A00742E74 /* Sources */,
				14F0CC482AE01E2A00742E74 /* Frameworks */,
				14F0CC492AE01E2A00742E74 /* Resources */,
			);
			buildRules = (
			);
			dependencies = (
			);
			name = TableViewNotes;
			productName = TableViewNotes;
			productReference = 14F0CC4B2AE01E2A00742E74 /* TableViewNotes.app */;
			productType = "com.apple.product-type.application";
		};
		14F0CC632AE01E2B00742E74 /* TableViewNotesTests */ = {
			isa = PBXNativeTarget;
			buildConfigurationList = 14F0CC7B2AE01E2B00742E74 /* Build configuration list for PBXNativeTarget "TableViewNotesTests" */;
			buildPhases = (
				14F0CC602AE01E2B00742E74 /* Sources */,
				14F0CC612AE01E2B00742E74 /* Frameworks */,
				14F0CC622AE01E2B00742E74 /* Resources */,
			);
			buildRules = (
			);
			dependencies = (
				14F0CC662AE01E2B00742E74 /* PBXTargetDependency */,
			);
			name = TableViewNotesTests;
			productName = TableViewNotesTests;
			productReference = 14F0CC642AE01E2B00742E74 /* TableViewNotesTests.xctest */;
			productType = "com.apple.product-type.bundle.unit-test";
		};
		14F0CC6D2AE01E2B00742E74 /* TableViewNotesUITests */ = {
			isa = PBXNativeTarget;
			buildConfigurationList = 14F0CC7E2AE01E2B00742E74 /* Build configuration list for PBXNativeTarget "TableViewNotesUITests" */;
			buildPhases = (
				14F0CC6A2AE01E2B00742E74 /* Sources */,
				14F0CC6B2AE01E2B00742E74 /* Frameworks */,
				14F0CC6C2AE01E2B00742E74 /* Resources */,
			);
			buildRules = (
			);
			dependencies = (
				14F0CC702AE01E2B00742E74 /* PBXTargetDependency */,
			);
			name = TableViewNotesUITests;
			productName = TableViewNotesUITests;
			productReference = 14F0CC6E2AE01E2B00742E74 /* TableViewNotesUITests.xctest */;
			productType = "com.apple.product-type.bundle.ui-testing";
		};
/* End PBXNativeTarget section */

/* Begin PBXProject section */
		14F0CC432AE01E2A00742E74 /* Project object */ = {
			isa = PBXProject;
			attributes = {
				BuildIndependentTargetsInParallel = 1;
				LastSwiftUpdateCheck = 1430;
				LastUpgradeCheck = 1430;
				TargetAttributes = {
					14F0CC4A2AE01E2A00742E74 = {
						CreatedOnToolsVersion = 14.3.1;
					};
					14F0CC632AE01E2B00742E74 = {
						CreatedOnToolsVersion = 14.3.1;
						TestTargetID = 14F0CC4A2AE01E2A00742E74;
					};
					14F0CC6D2AE01E2B00742E74 = {
						CreatedOnToolsVersion = 14.3.1;
						TestTargetID = 14F0CC4A2AE01E2A00742E74;
					};
				};
			};
			buildConfigurationList = 14F0CC462AE01E2A00742E74 /* Build configuration list for PBXProject "TableViewNotes" */;
			compatibilityVersion = "Xcode 14.0";
			developmentRegion = en;
			hasScannedForEncodings = 0;
			knownRegions = (
				en,
				Base,
			);
			mainGroup = 14F0CC422AE01E2A00742E74;
			productRefGroup = 14F0CC4C2AE01E2A00742E74 /* Products */;
			projectDirPath = "";
			projectRoot = "";
			targets = (
				14F0CC4A2AE01E2A00742E74 /* TableViewNotes */,
				14F0CC632AE01E2B00742E74 /* TableViewNotesTests */,
				14F0CC6D2AE01E2B00742E74 /* TableViewNotesUITests */,
			);
		};
/* End PBXProject section */

/* Begin PBXResourcesBuildPhase section */
		14F0CC492AE01E2A00742E74 /* Resources */ = {
			isa = PBXResourcesBuildPhase;
			buildActionMask = 2147483647;
			files = (
				14F0CC5E2AE01E2A00742E74 /* LaunchScreen.storyboard in Resources */,
				14F0CC5B2AE01E2A00742E74 /* Assets.xcassets in Resources */,
				14F0CC562AE01E2A00742E74 /* Main.storyboard in Resources */,
			);
			runOnlyForDeploymentPostprocessing = 0;
		};
		14F0CC622AE01E2B00742E74 /* Resources */ = {
			isa = PBXResourcesBuildPhase;
			buildActionMask = 2147483647;
			files = (
			);
			runOnlyForDeploymentPostprocessing = 0;
		};
		14F0CC6C2AE01E2B00742E74 /* Resources */ = {
			isa = PBXResourcesBuildPhase;
			buildActionMask = 2147483647;
			files = (
			);
			runOnlyForDeploymentPostprocessing = 0;
		};
/* End PBXResourcesBuildPhase section */

/* Begin PBXSourcesBuildPhase section */
		14F0CC472AE01E2A00742E74 /* Sources */ = {
			isa = PBXSourcesBuildPhase;
			buildActionMask = 2147483647;
			files = (
				14F0CC532AE01E2A00742E74 /* ViewController.swift in Sources */,
				14F0CC4F2AE01E2A00742E74 /* AppDelegate.swift in Sources */,
				14F0CC512AE01E2A00742E74 /* SceneDelegate.swift in Sources */,
				14F0CC592AE01E2A00742E74 /* TableViewNotes.xcdatamodeld in Sources */,
			);
			runOnlyForDeploymentPostprocessing = 0;
		};
		14F0CC602AE01E2B00742E74 /* Sources */ = {
			isa = PBXSourcesBuildPhase;
			buildActionMask = 2147483647;
			files = (
				14F0CC692AE01E2B00742E74 /* TableViewNotesTests.swift in Sources */,
			);
			runOnlyForDeploymentPostprocessing = 0;
		};
		14F0CC6A2AE01E2B00742E74 /* Sources */ = {
			isa = PBXSourcesBuildPhase;
			buildActionMask = 2147483647;
			files = (
				14F0CC752AE01E2B00742E74 /* TableViewNotesUITestsLaunchTests.swift in Sources */,
				14F0CC732AE01E2B00742E74 /* TableViewNotesUITests.swift in Sources */,
			);
			runOnlyForDeploymentPostprocessing = 0;
		};
/* End PBXSourcesBuildPhase section */

/* Begin PBXTargetDependency section */
		14F0CC662AE01E2B00742E74 /* PBXTargetDependency */ = {
			isa = PBXTargetDependency;
			target = 14F0CC4A2AE01E2A00742E74 /* TableViewNotes */;
			targetProxy = 14F0CC652AE01E2B00742E74 /* PBXContainerItemProxy */;
		};
		14F0CC702AE01E2B00742E74 /* PBXTargetDependency */ = {
			isa = PBXTargetDependency;
			target = 14F0CC4A2AE01E2A00742E74 /* TableViewNotes */;
			targetProxy = 14F0CC6F2AE01E2B00742E74 /* PBXContainerItemProxy */;
		};
/* End PBXTargetDependency section */

/* Begin PBXVariantGroup section */
		14F0CC542AE01E2A00742E74 /* Main.storyboard */ = {
			isa = PBXVariantGroup;
			children = (
				14F0CC552AE01E2A00742E74 /* Base */,
			);
			name = Main.storyboard;
			sourceTree = "<group>";
		};
		14F0CC5C2AE01E2A00742E74 /* LaunchScreen.storyboard */ = {
			isa = PBXVariantGroup;
			children = (
				14F0CC5D2AE01E2A00742E74 /* Base */,
			);
			name = LaunchScreen.storyboard;
			sourceTree = "<group>";
		};
/* End PBXVariantGroup section */

/* Begin XCBuildConfiguration section */
		14F0CC762AE01E2B00742E74 /* Debug */ = {
			isa = XCBuildConfiguration;
			buildSettings = {
				ALWAYS_SEARCH_USER_PATHS = NO;
				CLANG_ANALYZER_NONNULL = YES;
				CLANG_ANALYZER_NUMBER_OBJECT_CONVERSION = YES_AGGRESSIVE;
				CLANG_CXX_LANGUAGE_STANDARD = "gnu++20";
				CLANG_ENABLE_MODULES = YES;
				CLANG_ENABLE_OBJC_ARC = YES;
				CLANG_ENABLE_OBJC_WEAK = YES;
				CLANG_WARN_BLOCK_CAPTURE_AUTORELEASING = YES;
				CLANG_WARN_BOOL_CONVERSION = YES;
				CLANG_WARN_COMMA = YES;
				CLANG_WARN_CONSTANT_CONVERSION = YES;
				CLANG_WARN_DEPRECATED_OBJC_IMPLEMENTATIONS = YES;
				CLANG_WARN_DIRECT_OBJC_ISA_USAGE = YES_ERROR;
				CLANG_WARN_DOCUMENTATION_COMMENTS = YES;
				CLANG_WARN_EMPTY_BODY = YES;
				CLANG_WARN_ENUM_CONVERSION = YES;
				CLANG_WARN_INFINITE_RECURSION = YES;
				CLANG_WARN_INT_CONVERSION = YES;
				CLANG_WARN_NON_LITERAL_NULL_CONVERSION = YES;
				CLANG_WARN_OBJC_IMPLICIT_RETAIN_SELF = YES;
				CLANG_WARN_OBJC_LITERAL_CONVERSION = YES;
				CLANG_WARN_OBJC_ROOT_CLASS = YES_ERROR;
				CLANG_WARN_QUOTED_INCLUDE_IN_FRAMEWORK_HEADER = YES;
				CLANG_WARN_RANGE_LOOP_ANALYSIS = YES;
				CLANG_WARN_STRICT_PROTOTYPES = YES;
				CLANG_WARN_SUSPICIOUS_MOVE = YES;
				CLANG_WARN_UNGUARDED_AVAILABILITY = YES_AGGRESSIVE;
				CLANG_WARN_UNREACHABLE_CODE = YES;
				CLANG_WARN__DUPLICATE_METHOD_MATCH = YES;
				COPY_PHASE_STRIP = NO;
				DEBUG_INFORMATION_FORMAT = dwarf;
				ENABLE_STRICT_OBJC_MSGSEND = YES;
				ENABLE_TESTABILITY = YES;
				GCC_C_LANGUAGE_STANDARD = gnu11;
				GCC_DYNAMIC_NO_PIC = NO;
				GCC_NO_COMMON_BLOCKS = YES;
				GCC_OPTIMIZATION_LEVEL = 0;
				GCC_PREPROCESSOR_DEFINITIONS = (
					"DEBUG=1",
					"$(inherited)",
				);
				GCC_WARN_64_TO_32_BIT_CONVERSION = YES;
				GCC_WARN_ABOUT_RETURN_TYPE = YES_ERROR;
				GCC_WARN_UNDECLARED_SELECTOR = YES;
				GCC_WARN_UNINITIALIZED_AUTOS = YES_AGGRESSIVE;
				GCC_WARN_UNUSED_FUNCTION = YES;
				GCC_WARN_UNUSED_VARIABLE = YES;
				IPHONEOS_DEPLOYMENT_TARGET = 16.4;
				MTL_ENABLE_DEBUG_INFO = INCLUDE_SOURCE;
				MTL_FAST_MATH = YES;
				ONLY_ACTIVE_ARCH = YES;
				SDKROOT = iphoneos;
				SWIFT_ACTIVE_COMPILATION_CONDITIONS = DEBUG;
				SWIFT_OPTIMIZATION_LEVEL = "-Onone";
			};
			name = Debug;
		};
		14F0CC772AE01E2B00742E74 /* Release */ = {
			isa = XCBuildConfiguration;
			buildSettings = {
				ALWAYS_SEARCH_USER_PATHS = NO;
				CLANG_ANALYZER_NONNULL = YES;
				CLANG_ANALYZER_NUMBER_OBJECT_CONVERSION = YES_AGGRESSIVE;
				CLANG_CXX_LANGUAGE_STANDARD = "gnu++20";
				CLANG_ENABLE_MODULES = YES;
				CLANG_ENABLE_OBJC_ARC = YES;
				CLANG_ENABLE_OBJC_WEAK = YES;
				CLANG_WARN_BLOCK_CAPTURE_AUTORELEASING = YES;
				CLANG_WARN_BOOL_CONVERSION = YES;
				CLANG_WARN_COMMA = YES;
				CLANG_WARN_CONSTANT_CONVERSION = YES;
				CLANG_WARN_DEPRECATED_OBJC_IMPLEMENTATIONS = YES;
				CLANG_WARN_DIRECT_OBJC_ISA_USAGE = YES_ERROR;
				CLANG_WARN_DOCUMENTATION_COMMENTS = YES;
				CLANG_WARN_EMPTY_BODY = YES;
				CLANG_WARN_ENUM_CONVERSION = YES;
				CLANG_WARN_INFINITE_RECURSION = YES;
				CLANG_WARN_INT_CONVERSION = YES;
				CLANG_WARN_NON_LITERAL_NULL_CONVERSION = YES;
				CLANG_WARN_OBJC_IMPLICIT_RETAIN_SELF = YES;
				CLANG_WARN_OBJC_LITERAL_CONVERSION = YES;
				CLANG_WARN_OBJC_ROOT_CLASS = YES_ERROR;
				CLANG_WARN_QUOTED_INCLUDE_IN_FRAMEWORK_HEADER = YES;
				CLANG_WARN_RANGE_LOOP_ANALYSIS = YES;
				CLANG_WARN_STRICT_PROTOTYPES = YES;
				CLANG_WARN_SUSPICIOUS_MOVE = YES;
				CLANG_WARN_UNGUARDED_AVAILABILITY = YES_AGGRESSIVE;
				CLANG_WARN_UNREACHABLE_CODE = YES;
				CLANG_WARN__DUPLICATE_METHOD_MATCH = YES;
				COPY_PHASE_STRIP = NO;
				DEBUG_INFORMATION_FORMAT = "dwarf-with-dsym";
				ENABLE_NS_ASSERTIONS = NO;
				ENABLE_STRICT_OBJC_MSGSEND = YES;
				GCC_C_LANGUAGE_STANDARD = gnu11;
				GCC_NO_COMMON_BLOCKS = YES;
				GCC_WARN_64_TO_32_BIT_CONVERSION = YES;
				GCC_WARN_ABOUT_RETURN_TYPE = YES_ERROR;
				GCC_WARN_UNDECLARED_SELECTOR = YES;
				GCC_WARN_UNINITIALIZED_AUTOS = YES_AGGRESSIVE;
				GCC_WARN_UNUSED_FUNCTION = YES;
				GCC_WARN_UNUSED_VARIABLE = YES;
				IPHONEOS_DEPLOYMENT_TARGET = 16.4;
				MTL_ENABLE_DEBUG_INFO = NO;
				MTL_FAST_MATH = YES;
				SDKROOT = iphoneos;
				SWIFT_COMPILATION_MODE = wholemodule;
				SWIFT_OPTIMIZATION_LEVEL = "-O";
				VALIDATE_PRODUCT = YES;
			};
			name = Release;
		};
		14F0CC792AE01E2B00742E74 /* Debug */ = {
			isa = XCBuildConfiguration;
			buildSettings = {
				ASSETCATALOG_COMPILER_APPICON_NAME = AppIcon;
				ASSETCATALOG_COMPILER_GLOBAL_ACCENT_COLOR_NAME = AccentColor;
				CODE_SIGN_STYLE = Automatic;
				CURRENT_PROJECT_VERSION = 1;
				DEVELOPMENT_TEAM = SZURQ69PCN;
				GENERATE_INFOPLIST_FILE = YES;
				INFOPLIST_FILE = TableViewNotes/Info.plist;
				INFOPLIST_KEY_UIApplicationSupportsIndirectInputEvents = YES;
				INFOPLIST_KEY_UILaunchStoryboardName = LaunchScreen;
				INFOPLIST_KEY_UIMainStoryboardFile = Main;
				INFOPLIST_KEY_UISupportedInterfaceOrientations_iPad = "UIInterfaceOrientationPortrait UIInterfaceOrientationPortraitUpsideDown UIInterfaceOrientationLandscapeLeft UIInterfaceOrientationLandscapeRight";
				INFOPLIST_KEY_UISupportedInterfaceOrientations_iPhone = "UIInterfaceOrientationPortrait UIInterfaceOrientationLandscapeLeft UIInterfaceOrientationLandscapeRight";
				LD_RUNPATH_SEARCH_PATHS = (
					"$(inherited)",
					"@executable_path/Frameworks",
				);
				MARKETING_VERSION = 1.0;
				PRODUCT_BUNDLE_IDENTIFIER = clc.TableViewNotes;
				PRODUCT_NAME = "$(TARGET_NAME)";
				SWIFT_EMIT_LOC_STRINGS = YES;
				SWIFT_VERSION = 5.0;
				TARGETED_DEVICE_FAMILY = "1,2";
			};
			name = Debug;
		};
		14F0CC7A2AE01E2B00742E74 /* Release */ = {
			isa = XCBuildConfiguration;
			buildSettings = {
				ASSETCATALOG_COMPILER_APPICON_NAME = AppIcon;
				ASSETCATALOG_COMPILER_GLOBAL_ACCENT_COLOR_NAME = AccentColor;
				CODE_SIGN_STYLE = Automatic;
				CURRENT_PROJECT_VERSION = 1;
				DEVELOPMENT_TEAM = SZURQ69PCN;
				GENERATE_INFOPLIST_FILE = YES;
				INFOPLIST_FILE = TableViewNotes/Info.plist;
				INFOPLIST_KEY_UIApplicationSupportsIndirectInputEvents = YES;
				INFOPLIST_KEY_UILaunchStoryboardName = LaunchScreen;
				INFOPLIST_KEY_UIMainStoryboardFile = Main;
				INFOPLIST_KEY_UISupportedInterfaceOrientations_iPad = "UIInterfaceOrientationPortrait UIInterfaceOrientationPortraitUpsideDown UIInterfaceOrientationLandscapeLeft UIInterfaceOrientationLandscapeRight";
				INFOPLIST_KEY_UISupportedInterfaceOrientations_iPhone = "UIInterfaceOrientationPortrait UIInterfaceOrientationLandscapeLeft UIInterfaceOrientationLandscapeRight";
				LD_RUNPATH_SEARCH_PATHS = (
					"$(inherited)",
					"@executable_path/Frameworks",
				);
				MARKETING_VERSION = 1.0;
				PRODUCT_BUNDLE_IDENTIFIER = clc.TableViewNotes;
				PRODUCT_NAME = "$(TARGET_NAME)";
				SWIFT_EMIT_LOC_STRINGS = YES;
				SWIFT_VERSION = 5.0;
				TARGETED_DEVICE_FAMILY = "1,2";
			};
			name = Release;
		};
		14F0CC7C2AE01E2B00742E74 /* Debug */ = {
			isa = XCBuildConfiguration;
			buildSettings = {
				ALWAYS_EMBED_SWIFT_STANDARD_LIBRARIES = YES;
				BUNDLE_LOADER = "$(TEST_HOST)";
				CODE_SIGN_STYLE = Automatic;
				CURRENT_PROJECT_VERSION = 1;
				DEVELOPMENT_TEAM = SZURQ69PCN;
				GENERATE_INFOPLIST_FILE = YES;
				IPHONEOS_DEPLOYMENT_TARGET = 16.4;
				MARKETING_VERSION = 1.0;
				PRODUCT_BUNDLE_IDENTIFIER = clc.TableViewNotesTests;
				PRODUCT_NAME = "$(TARGET_NAME)";
				SWIFT_EMIT_LOC_STRINGS = NO;
				SWIFT_VERSION = 5.0;
				TARGETED_DEVICE_FAMILY = "1,2";
				TEST_HOST = "$(BUILT_PRODUCTS_DIR)/TableViewNotes.app/$(BUNDLE_EXECUTABLE_FOLDER_PATH)/TableViewNotes";
			};
			name = Debug;
		};
		14F0CC7D2AE01E2B00742E74 /* Release */ = {
			isa = XCBuildConfiguration;
			buildSettings = {
				ALWAYS_EMBED_SWIFT_STANDARD_LIBRARIES = YES;
				BUNDLE_LOADER = "$(TEST_HOST)";
				CODE_SIGN_STYLE = Automatic;
				CURRENT_PROJECT_VERSION = 1;
				DEVELOPMENT_TEAM = SZURQ69PCN;
				GENERATE_INFOPLIST_FILE = YES;
				IPHONEOS_DEPLOYMENT_TARGET = 16.4;
				MARKETING_VERSION = 1.0;
				PRODUCT_BUNDLE_IDENTIFIER = clc.TableViewNotesTests;
				PRODUCT_NAME = "$(TARGET_NAME)";
				SWIFT_EMIT_LOC_STRINGS = NO;
				SWIFT_VERSION = 5.0;
				TARGETED_DEVICE_FAMILY = "1,2";
				TEST_HOST = "$(BUILT_PRODUCTS_DIR)/TableViewNotes.app/$(BUNDLE_EXECUTABLE_FOLDER_PATH)/TableViewNotes";
			};
			name = Release;
		};
		14F0CC7F2AE01E2B00742E74 /* Debug */ = {
			isa = XCBuildConfiguration;
			buildSettings = {
				ALWAYS_EMBED_SWIFT_STANDARD_LIBRARIES = YES;
				CODE_SIGN_STYLE = Automatic;
				CURRENT_PROJECT_VERSION = 1;
				DEVELOPMENT_TEAM = SZURQ69PCN;
				GENERATE_INFOPLIST_FILE = YES;
				MARKETING_VERSION = 1.0;
				PRODUCT_BUNDLE_IDENTIFIER = clc.TableViewNotesUITests;
				PRODUCT_NAME = "$(TARGET_NAME)";
				SWIFT_EMIT_LOC_STRINGS = NO;
				SWIFT_VERSION = 5.0;
				TARGETED_DEVICE_FAMILY = "1,2";
				TEST_TARGET_NAME = TableViewNotes;
			};
			name = Debug;
		};
		14F0CC802AE01E2B00742E74 /* Release */ = {
			isa = XCBuildConfiguration;
			buildSettings = {
				ALWAYS_EMBED_SWIFT_STANDARD_LIBRARIES = YES;
				CODE_SIGN_STYLE = Automatic;
				CURRENT_PROJECT_VERSION = 1;
				DEVELOPMENT_TEAM = SZURQ69PCN;
				GENERATE_INFOPLIST_FILE = YES;
				MARKETING_VERSION = 1.0;
				PRODUCT_BUNDLE_IDENTIFIER = clc.TableViewNotesUITests;
				PRODUCT_NAME = "$(TARGET_NAME)";
				SWIFT_EMIT_LOC_STRINGS = NO;
				SWIFT_VERSION = 5.0;
				TARGETED_DEVICE_FAMILY = "1,2";
				TEST_TARGET_NAME = TableViewNotes;
			};
			name = Release;
		};
/* End XCBuildConfiguration section */

/* Begin XCConfigurationList section */
		14F0CC462AE01E2A00742E74 /* Build configuration list for PBXProject "TableViewNotes" */ = {
			isa = XCConfigurationList;
			buildConfigurations = (
				14F0CC762AE01E2B00742E74 /* Debug */,
				14F0CC772AE01E2B00742E74 /* Release */,
			);
			defaultConfigurationIsVisible = 0;
			defaultConfigurationName = Release;
		};
		14F0CC782AE01E2B00742E74 /* Build configuration list for PBXNativeTarget "TableViewNotes" */ = {
			isa = XCConfigurationList;
			buildConfigurations = (
				14F0CC792AE01E2B00742E74 /* Debug */,
				14F0CC7A2AE01E2B00742E74 /* Release */,
			);
			defaultConfigurationIsVisible = 0;
			defaultConfigurationName = Release;
		};
		14F0CC7B2AE01E2B00742E74 /* Build configuration list for PBXNativeTarget "TableViewNotesTests" */ = {
			isa = XCConfigurationList;
			buildConfigurations = (
				14F0CC7C2AE01E2B00742E74 /* Debug */,
				14F0CC7D2AE01E2B00742E74 /* Release */,
			);
			defaultConfigurationIsVisible = 0;
			defaultConfigurationName = Release;
		};
		14F0CC7E2AE01E2B00742E74 /* Build configuration list for PBXNativeTarget "TableViewNotesUITests" */ = {
			isa = XCConfigurationList;
			buildConfigurations = (
				14F0CC7F2AE01E2B00742E74 /* Debug */,
				14F0CC802AE01E2B00742E74 /* Release */,
			);
			defaultConfigurationIsVisible = 0;
			defaultConfigurationName = Release;
		};
/* End XCConfigurationList section */

/* Begin XCVersionGroup section */
		14F0CC572AE01E2A00742E74 /* TableViewNotes.xcdatamodeld */ = {
			isa = XCVersionGroup;
			children = (
				14F0CC582AE01E2A00742E74 /* TableViewNotes.xcdatamodel */,
			);
			currentVersion = 14F0CC582AE01E2A00742E74 /* TableViewNotes.xcdatamodel */;
			path = TableViewNotes.xcdatamodeld;
			sourceTree = "<group>";
			versionGroupType = wrapper.xcdatamodel;
		};
/* End XCVersionGroup section */
	};
	rootObject = 14F0CC432AE01E2A00742E74 /* Project object */;
}
